
Microsoft Visual Studio Solution File, Format Version 12.00
# Visual Studio Version 16
VisualStudioVersion = 16.0.33027.164
MinimumVisualStudioVersion = 10.0.40219.1
Project("{FAE04EC0-301F-11D3-BF4B-00C04F79EFBC}") = "TestProject1", "TestProject1\TestProject1.csproj", "{A27EC4EF-EB91-4BE5-8602-01052068125A}"
EndProject
Global
	GlobalSection(SolutionConfigurationPlatforms) = preSolution
		Debug|Any CPU = Debug|Any CPU
		Release|Any CPU = Release|Any CPU
	EndGlobalSection
	GlobalSection(ProjectConfigurationPlatforms) = postSolution
		{A27EC4EF-EB91-4BE5-8602-01052068125A}.Debug|Any CPU.ActiveCfg = Debug|Any CPU
		{A27EC4EF-EB91-4BE5-8602-01052068125A}.Debug|Any CPU.Build.0 = Debug|Any CPU
		{A27EC4EF-EB91-4BE5-8602-01052068125A}.Release|Any CPU.ActiveCfg = Release|Any CPU
		{A27EC4EF-EB91-4BE5-8602-01052068125A}.Release|Any CPU.Build.0 = Release|Any CPU
	EndGlobalSection
	GlobalSection(SolutionProperties) = preSolution
		HideSolutionNode = FALSE
	EndGlobalSection
	GlobalSection(ExtensibilityGlobals) = postSolution
		SolutionGuid = {B2D56302-D9FC-47E3-8F33-080574DA3CA6}
	EndGlobalSection
EndGlobal
